
Microsoft Visual Studio Solution File, Format Version 12.00
# Visual Studio 2012
Project("{FAE04EC0-301F-11D3-BF4B-00C04F79EFBC}") = "Domain", "Domain\Domain.csproj", "{ECD2D901-6FAD-4981-9E42-4DE03F99CA73}"
EndProject
Project("{FAE04EC0-301F-11D3-BF4B-00C04F79EFBC}") = "FlickrEngine", "FlickrEngine\FlickrEngine.csproj", "{F040632C-50F9-4120-B521-4890AB0756F8}"
EndProject
Project("{FAE04EC0-301F-11D3-BF4B-00C04F79EFBC}") = "Utility", "Utility\Utility.csproj", "{16EDDB18-1FFA-46D4-9FE8-366F07F5A7FD}"
EndProject
Project("{FAE04EC0-301F-11D3-BF4B-00C04F79EFBC}") = "Services", "Services\Services.csproj", "{BFCAA2BF-2CB2-4F41-A335-166B8E8573C8}"
EndProject
Project("{FAE04EC0-301F-11D3-BF4B-00C04F79EFBC}") = "Site.Services", "Site.Services\Site.Services.csproj", "{5E695CEC-8A79-47B6-A7AD-C719E48CB25E}"
EndProject
Project("{FAE04EC0-301F-11D3-BF4B-00C04F79EFBC}") = "Site4", "Site4\Site4.csproj", "{3D9108BD-1337-4F2E-B7F2-F08972AB1C04}"
EndProject
Project("{FAE04EC0-301F-11D3-BF4B-00C04F79EFBC}") = "DependencyInjection", "DependencyInjection\DependencyInjection.csproj", "{DFF945D5-4524-4041-BC5D-CF37BABE73FB}"
EndProject
Project("{FAE04EC0-301F-11D3-BF4B-00C04F79EFBC}") = "DependencyInjection.WindsorCastle", "DependencyInjection.WindsorCastle\DependencyInjection.WindsorCastle.csproj", "{1689DAAE-E629-4A8D-B3BB-87C30F550F33}"
EndProject
Project("{FAE04EC0-301F-11D3-BF4B-00C04F79EFBC}") = "DependencyInjection.Unity", "DependencyInjection.Unity\DependencyInjection.Unity.csproj", "{FC3B6AB0-AC42-403B-8CF5-932C8AE67355}"
EndProject
Project("{2150E333-8FDC-42A3-9474-1A3956D46DE8}") = "Tests", "Tests", "{54EBE69F-2DA9-4948-9327-9000BCD19F9E}"
EndProject
Project("{2150E333-8FDC-42A3-9474-1A3956D46DE8}") = "Solution Items", "Solution Items", "{27ACD545-E654-475D-9C17-DA9E989D2D83}"
	ProjectSection(SolutionItems) = preProject
		Local.testsettings = Local.testsettings
		Portfotolio.vsmdi = Portfotolio.vsmdi
		TraceAndTestImpact.testsettings = TraceAndTestImpact.testsettings
	EndProjectSection
EndProject
Project("{FAE04EC0-301F-11D3-BF4B-00C04F79EFBC}") = "Simplickr", "Simplickr\Simplickr.csproj", "{B78FE893-03B7-4F0F-B0E5-89C0D821AC6A}"
EndProject
Project("{FAE04EC0-301F-11D3-BF4B-00C04F79EFBC}") = "SimplickrTests", "SimplickrTests\SimplickrTests.csproj", "{F6DCA600-A73D-458C-9D45-961C19B531AC}"
EndProject
Project("{FAE04EC0-301F-11D3-BF4B-00C04F79EFBC}") = "DependencyInjection.EngineFactory", "DependencyEngineFactory\DependencyInjection.EngineFactory.csproj", "{BF83C2A7-57A3-4D02-9300-D5B106B8E36A}"
EndProject
Global
	GlobalSection(TestCaseManagementSettings) = postSolution
		CategoryFile = Portfotolio.vsmdi
	EndGlobalSection
	GlobalSection(SolutionConfigurationPlatforms) = preSolution
		Debug|Any CPU = Debug|Any CPU
		Release|Any CPU = Release|Any CPU
	EndGlobalSection
	GlobalSection(ProjectConfigurationPlatforms) = postSolution
		{ECD2D901-6FAD-4981-9E42-4DE03F99CA73}.Debug|Any CPU.ActiveCfg = Debug|Any CPU
		{ECD2D901-6FAD-4981-9E42-4DE03F99CA73}.Debug|Any CPU.Build.0 = Debug|Any CPU
		{ECD2D901-6FAD-4981-9E42-4DE03F99CA73}.Release|Any CPU.ActiveCfg = Release|Any CPU
		{ECD2D901-6FAD-4981-9E42-4DE03F99CA73}.Release|Any CPU.Build.0 = Release|Any CPU
		{F040632C-50F9-4120-B521-4890AB0756F8}.Debug|Any CPU.ActiveCfg = Debug|Any CPU
		{F040632C-50F9-4120-B521-4890AB0756F8}.Debug|Any CPU.Build.0 = Debug|Any CPU
		{F040632C-50F9-4120-B521-4890AB0756F8}.Release|Any CPU.ActiveCfg = Release|Any CPU
		{F040632C-50F9-4120-B521-4890AB0756F8}.Release|Any CPU.Build.0 = Release|Any CPU
		{16EDDB18-1FFA-46D4-9FE8-366F07F5A7FD}.Debug|Any CPU.ActiveCfg = Debug|Any CPU
		{16EDDB18-1FFA-46D4-9FE8-366F07F5A7FD}.Debug|Any CPU.Build.0 = Debug|Any CPU
		{16EDDB18-1FFA-46D4-9FE8-366F07F5A7FD}.Release|Any CPU.ActiveCfg = Release|Any CPU
		{16EDDB18-1FFA-46D4-9FE8-366F07F5A7FD}.Release|Any CPU.Build.0 = Release|Any CPU
		{BFCAA2BF-2CB2-4F41-A335-166B8E8573C8}.Debug|Any CPU.ActiveCfg = Debug|Any CPU
		{BFCAA2BF-2CB2-4F41-A335-166B8E8573C8}.Debug|Any CPU.Build.0 = Debug|Any CPU
		{BFCAA2BF-2CB2-4F41-A335-166B8E8573C8}.Release|Any CPU.ActiveCfg = Release|Any CPU
		{BFCAA2BF-2CB2-4F41-A335-166B8E8573C8}.Release|Any CPU.Build.0 = Release|Any CPU
		{5E695CEC-8A79-47B6-A7AD-C719E48CB25E}.Debug|Any CPU.ActiveCfg = Debug|Any CPU
		{5E695CEC-8A79-47B6-A7AD-C719E48CB25E}.Debug|Any CPU.Build.0 = Debug|Any CPU
		{5E695CEC-8A79-47B6-A7AD-C719E48CB25E}.Release|Any CPU.ActiveCfg = Release|Any CPU
		{5E695CEC-8A79-47B6-A7AD-C719E48CB25E}.Release|Any CPU.Build.0 = Release|Any CPU
		{3D9108BD-1337-4F2E-B7F2-F08972AB1C04}.Debug|Any CPU.ActiveCfg = Debug|Any CPU
		{3D9108BD-1337-4F2E-B7F2-F08972AB1C04}.Debug|Any CPU.Build.0 = Debug|Any CPU
		{3D9108BD-1337-4F2E-B7F2-F08972AB1C04}.Release|Any CPU.ActiveCfg = Release|Any CPU
		{3D9108BD-1337-4F2E-B7F2-F08972AB1C04}.Release|Any CPU.Build.0 = Release|Any CPU
		{DFF945D5-4524-4041-BC5D-CF37BABE73FB}.Debug|Any CPU.ActiveCfg = Debug|Any CPU
		{DFF945D5-4524-4041-BC5D-CF37BABE73FB}.Debug|Any CPU.Build.0 = Debug|Any CPU
		{DFF945D5-4524-4041-BC5D-CF37BABE73FB}.Release|Any CPU.ActiveCfg = Release|Any CPU
		{DFF945D5-4524-4041-BC5D-CF37BABE73FB}.Release|Any CPU.Build.0 = Release|Any CPU
		{1689DAAE-E629-4A8D-B3BB-87C30F550F33}.Debug|Any CPU.ActiveCfg = Debug|Any CPU
		{1689DAAE-E629-4A8D-B3BB-87C30F550F33}.Debug|Any CPU.Build.0 = Debug|Any CPU
		{1689DAAE-E629-4A8D-B3BB-87C30F550F33}.Release|Any CPU.ActiveCfg = Release|Any CPU
		{1689DAAE-E629-4A8D-B3BB-87C30F550F33}.Release|Any CPU.Build.0 = Release|Any CPU
		{FC3B6AB0-AC42-403B-8CF5-932C8AE67355}.Debug|Any CPU.ActiveCfg = Debug|Any CPU
		{FC3B6AB0-AC42-403B-8CF5-932C8AE67355}.Debug|Any CPU.Build.0 = Debug|Any CPU
		{FC3B6AB0-AC42-403B-8CF5-932C8AE67355}.Release|Any CPU.ActiveCfg = Release|Any CPU
		{FC3B6AB0-AC42-403B-8CF5-932C8AE67355}.Release|Any CPU.Build.0 = Release|Any CPU
		{B78FE893-03B7-4F0F-B0E5-89C0D821AC6A}.Debug|Any CPU.ActiveCfg = Debug|Any CPU
		{B78FE893-03B7-4F0F-B0E5-89C0D821AC6A}.Debug|Any CPU.Build.0 = Debug|Any CPU
		{B78FE893-03B7-4F0F-B0E5-89C0D821AC6A}.Release|Any CPU.ActiveCfg = Release|Any CPU
		{B78FE893-03B7-4F0F-B0E5-89C0D821AC6A}.Release|Any CPU.Build.0 = Release|Any CPU
		{F6DCA600-A73D-458C-9D45-961C19B531AC}.Debug|Any CPU.ActiveCfg = Debug|Any CPU
		{F6DCA600-A73D-458C-9D45-961C19B531AC}.Debug|Any CPU.Build.0 = Debug|Any CPU
		{F6DCA600-A73D-458C-9D45-961C19B531AC}.Release|Any CPU.ActiveCfg = Release|Any CPU
		{F6DCA600-A73D-458C-9D45-961C19B531AC}.Release|Any CPU.Build.0 = Release|Any CPU
		{BF83C2A7-57A3-4D02-9300-D5B106B8E36A}.Debug|Any CPU.ActiveCfg = Debug|Any CPU
		{BF83C2A7-57A3-4D02-9300-D5B106B8E36A}.Debug|Any CPU.Build.0 = Debug|Any CPU
		{BF83C2A7-57A3-4D02-9300-D5B106B8E36A}.Release|Any CPU.ActiveCfg = Release|Any CPU
		{BF83C2A7-57A3-4D02-9300-D5B106B8E36A}.Release|Any CPU.Build.0 = Release|Any CPU
	EndGlobalSection
	GlobalSection(SolutionProperties) = preSolution
		HideSolutionNode = FALSE
	EndGlobalSection
	GlobalSection(NestedProjects) = preSolution
		{27ACD545-E654-475D-9C17-DA9E989D2D83} = {54EBE69F-2DA9-4948-9327-9000BCD19F9E}
		{F6DCA600-A73D-458C-9D45-961C19B531AC} = {54EBE69F-2DA9-4948-9327-9000BCD19F9E}
	EndGlobalSection
	GlobalSection(ExtensibilityGlobals) = postSolution
		EnterpriseLibraryConfigurationToolBinariesPath = packages\Unity.2.1.505.2\lib\NET35
	EndGlobalSection
EndGlobal
